// !$*UTF8*$!
{
	archiveVersion = 1;
	classes = {
	};
	objectVersion = 77;
	objects = {

/* Begin PBXContainerItemProxy section */
		C9D3F7F52F20F04F00525A6B /* PBXContainerItemProxy */ = {
			isa = PBXContainerItemProxy;
			containerPortal = C9D3F7DF2F20F04E00525A6B /* Project object */;
			proxyType = 1;
			remoteGlobalIDString = C9D3F7E62F20F04E00525A6B;
			remoteInfo = EVMaroc;
		};
		C9D3F7FF2F20F04F00525A6B /* PBXContainerItemProxy */ = {
			isa = PBXContainerItemProxy;
			containerPortal = C9D3F7DF2F20F04E00525A6B /* Project object */;
			proxyType = 1;
			remoteGlobalIDString = C9D3F7E62F20F04E00525A6B;
			remoteInfo = EVMaroc;
		};
/* End PBXContainerItemProxy section */

/* Begin PBXFileReference section */
		C9D3F7E72F20F04E00525A6B /* EVMaroc.app */ = {isa = PBXFileReference; explicitFileType = wrapper.application; includeInIndex = 0; path = EVMaroc.app; sourceTree = BUILT_PRODUCTS_DIR; };
		C9D3F7F42F20F04F00525A6B /* EVMarocTests.xctest */ = {isa = PBXFileReference; explicitFileType = wrapper.cfbundle; includeInIndex = 0; path = EVMarocTests.xctest; sourceTree = BUILT_PRODUCTS_DIR; };
		C9D3F7FE2F20F04F00525A6B /* EVMarocUITests.xctest */ = {isa = PBXFileReference; explicitFileType = wrapper.cfbundle; includeInIndex = 0; path = EVMarocUITests.xctest; sourceTree = BUILT_PRODUCTS_DIR; };
/* End PBXFileReference section */

/* Begin PBXFileSystemSynchronizedRootGroup section */
		C9D3F7E92F20F04E00525A6B /* EVMaroc */ = {
			isa = PBXFileSystemSynchronizedRootGroup;
			path = EVMaroc;
			sourceTree = "<group>";
		};
		C9D3F7F72F20F04F00525A6B /* EVMarocTests */ = {
			isa = PBXFileSystemSynchronizedRootGroup;
			path = EVMarocTests;
			sourceTree = "<group>";
		};
		C9D3F8012F20F04F00525A6B /* EVMarocUITests */ = {
			isa = PBXFileSystemSynchronizedRootGroup;
			path = EVMarocUITests;
			sourceTree = "<group>";
		};
/* End PBXFileSystemSynchronizedRootGroup section */

/* Begin PBXFrameworksBuildPhase section */
		C9D3F7E42F20F04E00525A6B /* Frameworks */ = {
			isa = PBXFrameworksBuildPhase;
			buildActionMask = 2147483647;
			files = (
			);
			runOnlyForDeploymentPostprocessing = 0;
		};
		C9D3F7F12F20F04F00525A6B /* Frameworks */ = {
			isa = PBXFrameworksBuildPhase;
			buildActionMask = 2147483647;
			files = (
			);
			runOnlyForDeploymentPostprocessing = 0;
		};
		C9D3F7FB2F20F04F00525A6B /* Frameworks */ = {
			isa = PBXFrameworksBuildPhase;
			buildActionMask = 2147483647;
			files = (
			);
			runOnlyForDeploymentPostprocessing = 0;
		};
/* End PBXFrameworksBuildPhase section */

/* Begin PBXGroup section */
		C9D3F7DE2F20F04E00525A6B = {
			isa = PBXGroup;
			children = (
				C9D3F7E92F20F04E00525A6B /* EVMaroc */,
				C9D3F7F72F20F04F00525A6B /* EVMarocTests */,
				C9D3F8012F20F04F00525A6B /* EVMarocUITests */,
				C9D3F7E82F20F04E00525A6B /* Products */,
			);
			sourceTree = "<group>";
		};
		C9D3F7E82F20F04E00525A6B /* Products */ = {
			isa = PBXGroup;
			children = (
				C9D3F7E72F20F04E00525A6B /* EVMaroc.app */,
				C9D3F7F42F20F04F00525A6B /* EVMarocTests.xctest */,
				C9D3F7FE2F20F04F00525A6B /* EVMarocUITests.xctest */,
			);
			name = Products;
			sourceTree = "<group>";
		};
/* End PBXGroup section */

/* Begin PBXNativeTarget section */
		C9D3F7E62F20F04E00525A6B /* EVMaroc */ = {
			isa = PBXNativeTarget;
			buildConfigurationList = C9D3F8082F20F04F00525A6B /* Build configuration list for PBXNativeTarget "EVMaroc" */;
			buildPhases = (
				C9D3F7E32F20F04E00525A6B /* Sources */,
				C9D3F7E42F20F04E00525A6B /* Frameworks */,
				C9D3F7E52F20F04E00525A6B /* Resources */,
			);
			buildRules = (
			);
			dependencies = (
			);
			fileSystemSynchronizedGroups = (
				C9D3F7E92F20F04E00525A6B /* EVMaroc */,
			);
			name = EVMaroc;
			packageProductDependencies = (
			);
			productName = EVMaroc;
			productReference = C9D3F7E72F20F04E00525A6B /* EVMaroc.app */;
			productType = "com.apple.product-type.application";
		};
		C9D3F7F32F20F04F00525A6B /* EVMarocTests */ = {
			isa = PBXNativeTarget;
			buildConfigurationList = C9D3F80B2F20F04F00525A6B /* Build configuration list for PBXNativeTarget "EVMarocTests" */;
			buildPhases = (
				C9D3F7F02F20F04F00525A6B /* Sources */,
				C9D3F7F12F20F04F00525A6B /* Frameworks */,
				C9D3F7F22F20F04F00525A6B /* Resources */,
			);
			buildRules = (
			);
			dependencies = (
				C9D3F7F62F20F04F00525A6B /* PBXTargetDependency */,
			);
			fileSystemSynchronizedGroups = (
				C9D3F7F72F20F04F00525A6B /* EVMarocTests */,
			);
			name = EVMarocTests;
			packageProductDependencies = (
			);
			productName = EVMarocTests;
			productReference = C9D3F7F42F20F04F00525A6B /* EVMarocTests.xctest */;
			productType = "com.apple.product-type.bundle.unit-test";
		};
		C9D3F7FD2F20F04F00525A6B /* EVMarocUITests */ = {
			isa = PBXNativeTarget;
			buildConfigurationList = C9D3F80E2F20F04F00525A6B /* Build configuration list for PBXNativeTarget "EVMarocUITests" */;
			buildPhases = (
				C9D3F7FA2F20F04F00525A6B /* Sources */,
				C9D3F7FB2F20F04F00525A6B /* Frameworks */,
				C9D3F7FC2F20F04F00525A6B /* Resources */,
			);
			buildRules = (
			);
			dependencies = (
				C9D3F8002F20F04F00525A6B /* PBXTargetDependency */,
			);
			fileSystemSynchronizedGroups = (
				C9D3F8012F20F04F00525A6B /* EVMarocUITests */,
			);
			name = EVMarocUITests;
			packageProductDependencies = (
			);
			productName = EVMarocUITests;
			productReference = C9D3F7FE2F20F04F00525A6B /* EVMarocUITests.xctest */;
			productType = "com.apple.product-type.bundle.ui-testing";
		};
/* End PBXNativeTarget section */

/* Begin PBXProject section */
		C9D3F7DF2F20F04E00525A6B /* Project object */ = {
			isa = PBXProject;
			attributes = {
				BuildIndependentTargetsInParallel = 1;
				LastSwiftUpdateCheck = 2610;
				LastUpgradeCheck = 2610;
				TargetAttributes = {
					C9D3F7E62F20F04E00525A6B = {
						CreatedOnToolsVersion = 26.1.1;
					};
					C9D3F7F32F20F04F00525A6B = {
						CreatedOnToolsVersion = 26.1.1;
						TestTargetID = C9D3F7E62F20F04E00525A6B;
					};
					C9D3F7FD2F20F04F00525A6B = {
						CreatedOnToolsVersion = 26.1.1;
						TestTargetID = C9D3F7E62F20F04E00525A6B;
					};
				};
			};
			buildConfigurationList = C9D3F7E22F20F04E00525A6B /* Build configuration list for PBXProject "EVMaroc" */;
			developmentRegion = en;
			hasScannedForEncodings = 0;
			knownRegions = (
				en,
				Base,
			);
			mainGroup = C9D3F7DE2F20F04E00525A6B;
			minimizedProjectReferenceProxies = 1;
			preferredProjectObjectVersion = 77;
			productRefGroup = C9D3F7E82F20F04E00525A6B /* Products */;
			projectDirPath = "";
			projectRoot = "";
			targets = (
				C9D3F7E62F20F04E00525A6B /* EVMaroc */,
				C9D3F7F32F20F04F00525A6B /* EVMarocTests */,
				C9D3F7FD2F20F04F00525A6B /* EVMarocUITests */,
			);
		};
/* End PBXProject section */

/* Begin PBXResourcesBuildPhase section */
		C9D3F7E52F20F04E00525A6B /* Resources */ = {
			isa = PBXResourcesBuildPhase;
			buildActionMask = 2147483647;
			files = (
			);
			runOnlyForDeploymentPostprocessing = 0;
		};
		C9D3F7F22F20F04F00525A6B /* Resources */ = {
			isa = PBXResourcesBuildPhase;
			buildActionMask = 2147483647;
			files = (
			);
			runOnlyForDeploymentPostprocessing = 0;
		};
		C9D3F7FC2F20F04F00525A6B /* Resources */ = {
			isa = PBXResourcesBuildPhase;
			buildActionMask = 2147483647;
			files = (
			);
			runOnlyForDeploymentPostprocessing = 0;
		};
/* End PBXResourcesBuildPhase section */

/* Begin PBXSourcesBuildPhase section */
		C9D3F7E32F20F04E00525A6B /* Sources */ = {
			isa = PBXSourcesBuildPhase;
			buildActionMask = 2147483647;
			files = (
			);
			runOnlyForDeploymentPostprocessing = 0;
		};
		C9D3F7F02F20F04F00525A6B /* Sources */ = {
			isa = PBXSourcesBuildPhase;
			buildActionMask = 2147483647;
			files = (
			);
			runOnlyForDeploymentPostprocessing = 0;
		};
		C9D3F7FA2F20F04F00525A6B /* Sources */ = {
			isa = PBXSourcesBuildPhase;
			buildActionMask = 2147483647;
			files = (
			);
			runOnlyForDeploymentPostprocessing = 0;
		};
/* End PBXSourcesBuildPhase section */

/* Begin PBXTargetDependency section */
		C9D3F7F62F20F04F00525A6B /* PBXTargetDependency */ = {
			isa = PBXTargetDependency;
			target = C9D3F7E62F20F04E00525A6B /* EVMaroc */;
			targetProxy = C9D3F7F52F20F04F00525A6B /* PBXContainerItemProxy */;
		};
		C9D3F8002F20F04F00525A6B /* PBXTargetDependency */ = {
			isa = PBXTargetDependency;
			target = C9D3F7E62F20F04E00525A6B /* EVMaroc */;
			targetProxy = C9D3F7FF2F20F04F00525A6B /* PBXContainerItemProxy */;
		};
/* End PBXTargetDependency section */

/* Begin XCBuildConfiguration section */
		C9D3F8062F20F04F00525A6B /* Debug */ = {
			isa = XCBuildConfiguration;
			buildSettings = {
				ALWAYS_SEARCH_USER_PATHS = NO;
				ASSETCATALOG_COMPILER_GENERATE_SWIFT_ASSET_SYMBOL_EXTENSIONS = YES;
				CLANG_ANALYZER_NONNULL = YES;
				CLANG_ANALYZER_NUMBER_OBJECT_CONVERSION = YES_AGGRESSIVE;
				CLANG_CXX_LANGUAGE_STANDARD = "gnu++20";
				CLANG_ENABLE_MODULES = YES;
				CLANG_ENABLE_OBJC_ARC = YES;
				CLANG_ENABLE_OBJC_WEAK = YES;
				CLANG_WARN_BLOCK_CAPTURE_AUTORELEASING = YES;
				CLANG_WARN_BOOL_CONVERSION = YES;
				CLANG_WARN_COMMA = YES;
				CLANG_WARN_CONSTANT_CONVERSION = YES;
				CLANG_WARN_DEPRECATED_OBJC_IMPLEMENTATIONS = YES;
				CLANG_WARN_DIRECT_OBJC_ISA_USAGE = YES_ERROR;
				CLANG_WARN_DOCUMENTATION_COMMENTS = YES;
				CLANG_WARN_EMPTY_BODY = YES;
				CLANG_WARN_ENUM_CONVERSION = YES;
				CLANG_WARN_INFINITE_RECURSION = YES;
				CLANG_WARN_INT_CONVERSION = YES;
				CLANG_WARN_NON_LITERAL_NULL_CONVERSION = YES;
				CLANG_WARN_OBJC_IMPLICIT_RETAIN_SELF = YES;
				CLANG_WARN_OBJC_LITERAL_CONVERSION = YES;
				CLANG_WARN_OBJC_ROOT_CLASS = YES_ERROR;
				CLANG_WARN_QUOTED_INCLUDE_IN_FRAMEWORK_HEADER = YES;
				CLANG_WARN_RANGE_LOOP_ANALYSIS = YES;
				CLANG_WARN_STRICT_PROTOTYPES = YES;
				CLANG_WARN_SUSPICIOUS_MOVE = YES;
				CLANG_WARN_UNGUARDED_AVAILABILITY = YES_AGGRESSIVE;
				CLANG_WARN_UNREACHABLE_CODE = YES;
				CLANG_WARN__DUPLICATE_METHOD_MATCH = YES;
				COPY_PHASE_STRIP = NO;
				DEBUG_INFORMATION_FORMAT = dwarf;
				ENABLE_STRICT_OBJC_MSGSEND = YES;
				ENABLE_TESTABILITY = YES;
				ENABLE_USER_SCRIPT_SANDBOXING = YES;
				GCC_C_LANGUAGE_STANDARD = gnu17;
				GCC_DYNAMIC_NO_PIC = NO;
				GCC_NO_COMMON_BLOCKS = YES;
				GCC_OPTIMIZATION_LEVEL = 0;
				GCC_PREPROCESSOR_DEFINITIONS = (
					"DEBUG=1",
					"$(inherited)",
				);
				GCC_WARN_64_TO_32_BIT_CONVERSION = YES;
				GCC_WARN_ABOUT_RETURN_TYPE = YES_ERROR;
				GCC_WARN_UNDECLARED_SELECTOR = YES;
				GCC_WARN_UNINITIALIZED_AUTOS = YES_AGGRESSIVE;
				GCC_WARN_UNUSED_FUNCTION = YES;
				GCC_WARN_UNUSED_VARIABLE = YES;
				IPHONEOS_DEPLOYMENT_TARGET = 26.1;
				LOCALIZATION_PREFERS_STRING_CATALOGS = YES;
				MTL_ENABLE_DEBUG_INFO = INCLUDE_SOURCE;
				MTL_FAST_MATH = YES;
				ONLY_ACTIVE_ARCH = YES;
				SDKROOT = iphoneos;
				SWIFT_ACTIVE_COMPILATION_CONDITIONS = "DEBUG $(inherited)";
				SWIFT_OPTIMIZATION_LEVEL = "-Onone";
			};
			name = Debug;
		};
		C9D3F8072F20F04F00525A6B /* Release */ = {
			isa = XCBuildConfiguration;
			buildSettings = {
				ALWAYS_SEARCH_USER_PATHS = NO;
				ASSETCATALOG_COMPILER_GENERATE_SWIFT_ASSET_SYMBOL_EXTENSIONS = YES;
				CLANG_ANALYZER_NONNULL = YES;
				CLANG_ANALYZER_NUMBER_OBJECT_CONVERSION = YES_AGGRESSIVE;
				CLANG_CXX_LANGUAGE_STANDARD = "gnu++20";
				CLANG_ENABLE_MODULES = YES;
				CLANG_ENABLE_OBJC_ARC = YES;
				CLANG_ENABLE_OBJC_WEAK = YES;
				CLANG_WARN_BLOCK_CAPTURE_AUTORELEASING = YES;
				CLANG_WARN_BOOL_CONVERSION = YES;
				CLANG_WARN_COMMA = YES;
				CLANG_WARN_CONSTANT_CONVERSION = YES;
				CLANG_WARN_DEPRECATED_OBJC_IMPLEMENTATIONS = YES;
				CLANG_WARN_DIRECT_OBJC_ISA_USAGE = YES_ERROR;
				CLANG_WARN_DOCUMENTATION_COMMENTS = YES;
				CLANG_WARN_EMPTY_BODY = YES;
				CLANG_WARN_ENUM_CONVERSION = YES;
				CLANG_WARN_INFINITE_RECURSION = YES;
				CLANG_WARN_INT_CONVERSION = YES;
				CLANG_WARN_NON_LITERAL_NULL_CONVERSION = YES;
				CLANG_WARN_OBJC_IMPLICIT_RETAIN_SELF = YES;
				CLANG_WARN_OBJC_LITERAL_CONVERSION = YES;
				CLANG_WARN_OBJC_ROOT_CLASS = YES_ERROR;
				CLANG_WARN_QUOTED_INCLUDE_IN_FRAMEWORK_HEADER = YES;
				CLANG_WARN_RANGE_LOOP_ANALYSIS = YES;
				CLANG_WARN_STRICT_PROTOTYPES = YES;
				CLANG_WARN_SUSPICIOUS_MOVE = YES;
				CLANG_WARN_UNGUARDED_AVAILABILITY = YES_AGGRESSIVE;
				CLANG_WARN_UNREACHABLE_CODE = YES;
				CLANG_WARN__DUPLICATE_METHOD_MATCH = YES;
				COPY_PHASE_STRIP = NO;
				DEBUG_INFORMATION_FORMAT = "dwarf-with-dsym";
				ENABLE_NS_ASSERTIONS = NO;
				ENABLE_STRICT_OBJC_MSGSEND = YES;
				ENABLE_USER_SCRIPT_SANDBOXING = YES;
				GCC_C_LANGUAGE_STANDARD = gnu17;
				GCC_NO_COMMON_BLOCKS = YES;
				GCC_WARN_64_TO_32_BIT_CONVERSION = YES;
				GCC_WARN_ABOUT_RETURN_TYPE = YES_ERROR;
				GCC_WARN_UNDECLARED_SELECTOR = YES;
				GCC_WARN_UNINITIALIZED_AUTOS = YES_AGGRESSIVE;
				GCC_WARN_UNUSED_FUNCTION = YES;
				GCC_WARN_UNUSED_VARIABLE = YES;
				IPHONEOS_DEPLOYMENT_TARGET = 26.1;
				LOCALIZATION_PREFERS_STRING_CATALOGS = YES;
				MTL_ENABLE_DEBUG_INFO = NO;
				MTL_FAST_MATH = YES;
				SDKROOT = iphoneos;
				SWIFT_COMPILATION_MODE = wholemodule;
				VALIDATE_PRODUCT = YES;
			};
			name = Release;
		};
		C9D3F8092F20F04F00525A6B /* Debug */ = {
			isa = XCBuildConfiguration;
			buildSettings = {
				ASSETCATALOG_COMPILER_APPICON_NAME = AppIcon;
				ASSETCATALOG_COMPILER_GLOBAL_ACCENT_COLOR_NAME = AccentColor;
				CODE_SIGN_STYLE = Automatic;
				CURRENT_PROJECT_VERSION = 1;
				ENABLE_PREVIEWS = YES;
				GENERATE_INFOPLIST_FILE = YES;
				INFOPLIST_KEY_UIApplicationSceneManifest_Generation = YES;
				INFOPLIST_KEY_UIApplicationSupportsIndirectInputEvents = YES;
				INFOPLIST_KEY_UILaunchScreen_Generation = YES;
				INFOPLIST_KEY_UISupportedInterfaceOrientations_iPad = "UIInterfaceOrientationPortrait UIInterfaceOrientationPortraitUpsideDown UIInterfaceOrientationLandscapeLeft UIInterfaceOrientationLandscapeRight";
				INFOPLIST_KEY_UISupportedInterfaceOrientations_iPhone = "UIInterfaceOrientationPortrait UIInterfaceOrientationLandscapeLeft UIInterfaceOrientationLandscapeRight";
				LD_RUNPATH_SEARCH_PATHS = (
					"$(inherited)",
					"@executable_path/Frameworks",
				);
				MARKETING_VERSION = 1.0;
				PRODUCT_BUNDLE_IDENTIFIER = com.EVMaroc;
				PRODUCT_NAME = "$(TARGET_NAME)";
				STRING_CATALOG_GENERATE_SYMBOLS = YES;
				SWIFT_APPROACHABLE_CONCURRENCY = YES;
				SWIFT_DEFAULT_ACTOR_ISOLATION = MainActor;
				SWIFT_EMIT_LOC_STRINGS = YES;
				SWIFT_UPCOMING_FEATURE_MEMBER_IMPORT_VISIBILITY = YES;
				SWIFT_VERSION = 5.0;
				TARGETED_DEVICE_FAMILY = "1,2";
			};
			name = Debug;
		};
		C9D3F80A2F20F04F00525A6B /* Release */ = {
			isa = XCBuildConfiguration;
			buildSettings = {
				ASSETCATALOG_COMPILER_APPICON_NAME = AppIcon;
				ASSETCATALOG_COMPILER_GLOBAL_ACCENT_COLOR_NAME = AccentColor;
				CODE_SIGN_STYLE = Automatic;
				CURRENT_PROJECT_VERSION = 1;
				ENABLE_PREVIEWS = YES;
				GENERATE_INFOPLIST_FILE = YES;
				INFOPLIST_KEY_UIApplicationSceneManifest_Generation = YES;
				INFOPLIST_KEY_UIApplicationSupportsIndirectInputEvents = YES;
				INFOPLIST_KEY_UILaunchScreen_Generation = YES;
				INFOPLIST_KEY_UISupportedInterfaceOrientations_iPad = "UIInterfaceOrientationPortrait UIInterfaceOrientationPortraitUpsideDown UIInterfaceOrientationLandscapeLeft UIInterfaceOrientationLandscapeRight";
				INFOPLIST_KEY_UISupportedInterfaceOrientations_iPhone = "UIInterfaceOrientationPortrait UIInterfaceOrientationLandscapeLeft UIInterfaceOrientationLandscapeRight";
				LD_RUNPATH_SEARCH_PATHS = (
					"$(inherited)",
					"@executable_path/Frameworks",
				);
				MARKETING_VERSION = 1.0;
				PRODUCT_BUNDLE_IDENTIFIER = com.EVMaroc;
				PRODUCT_NAME = "$(TARGET_NAME)";
				STRING_CATALOG_GENERATE_SYMBOLS = YES;
				SWIFT_APPROACHABLE_CONCURRENCY = YES;
				SWIFT_DEFAULT_ACTOR_ISOLATION = MainActor;
				SWIFT_EMIT_LOC_STRINGS = YES;
				SWIFT_UPCOMING_FEATURE_MEMBER_IMPORT_VISIBILITY = YES;
				SWIFT_VERSION = 5.0;
				TARGETED_DEVICE_FAMILY = "1,2";
			};
			name = Release;
		};
		C9D3F80C2F20F04F00525A6B /* Debug */ = {
			isa = XCBuildConfiguration;
			buildSettings = {
				BUNDLE_LOADER = "$(TEST_HOST)";
				CODE_SIGN_STYLE = Automatic;
				CURRENT_PROJECT_VERSION = 1;
				GENERATE_INFOPLIST_FILE = YES;
				IPHONEOS_DEPLOYMENT_TARGET = 26.1;
				MARKETING_VERSION = 1.0;
				PRODUCT_BUNDLE_IDENTIFIER = com.EVMarocTests;
				PRODUCT_NAME = "$(TARGET_NAME)";
				STRING_CATALOG_GENERATE_SYMBOLS = NO;
				SWIFT_APPROACHABLE_CONCURRENCY = YES;
				SWIFT_EMIT_LOC_STRINGS = NO;
				SWIFT_UPCOMING_FEATURE_MEMBER_IMPORT_VISIBILITY = YES;
				SWIFT_VERSION = 5.0;
				TARGETED_DEVICE_FAMILY = "1,2";
				TEST_HOST = "$(BUILT_PRODUCTS_DIR)/EVMaroc.app/$(BUNDLE_EXECUTABLE_FOLDER_PATH)/EVMaroc";
			};
			name = Debug;
		};
		C9D3F80D2F20F04F00525A6B /* Release */ = {
			isa = XCBuildConfiguration;
			buildSettings = {
				BUNDLE_LOADER = "$(TEST_HOST)";
				CODE_SIGN_STYLE = Automatic;
				CURRENT_PROJECT_VERSION = 1;
				GENERATE_INFOPLIST_FILE = YES;
				IPHONEOS_DEPLOYMENT_TARGET = 26.1;
				MARKETING_VERSION = 1.0;
				PRODUCT_BUNDLE_IDENTIFIER = com.EVMarocTests;
				PRODUCT_NAME = "$(TARGET_NAME)";
				STRING_CATALOG_GENERATE_SYMBOLS = NO;
				SWIFT_APPROACHABLE_CONCURRENCY = YES;
				SWIFT_EMIT_LOC_STRINGS = NO;
				SWIFT_UPCOMING_FEATURE_MEMBER_IMPORT_VISIBILITY = YES;
				SWIFT_VERSION = 5.0;
				TARGETED_DEVICE_FAMILY = "1,2";
				TEST_HOST = "$(BUILT_PRODUCTS_DIR)/EVMaroc.app/$(BUNDLE_EXECUTABLE_FOLDER_PATH)/EVMaroc";
			};
			name = Release;
		};
		C9D3F80F2F20F04F00525A6B /* Debug */ = {
			isa = XCBuildConfiguration;
			buildSettings = {
				CODE_SIGN_STYLE = Automatic;
				CURRENT_PROJECT_VERSION = 1;
				GENERATE_INFOPLIST_FILE = YES;
				MARKETING_VERSION = 1.0;
				PRODUCT_BUNDLE_IDENTIFIER = com.EVMarocUITests;
				PRODUCT_NAME = "$(TARGET_NAME)";
				STRING_CATALOG_GENERATE_SYMBOLS = NO;
				SWIFT_APPROACHABLE_CONCURRENCY = YES;
				SWIFT_EMIT_LOC_STRINGS = NO;
				SWIFT_UPCOMING_FEATURE_MEMBER_IMPORT_VISIBILITY = YES;
				SWIFT_VERSION = 5.0;
				TARGETED_DEVICE_FAMILY = "1,2";
				TEST_TARGET_NAME = EVMaroc;
			};
			name = Debug;
		};
		C9D3F8102F20F04F00525A6B /* Release */ = {
			isa = XCBuildConfiguration;
			buildSettings = {
				CODE_SIGN_STYLE = Automatic;
				CURRENT_PROJECT_VERSION = 1;
				GENERATE_INFOPLIST_FILE = YES;
				MARKETING_VERSION = 1.0;
				PRODUCT_BUNDLE_IDENTIFIER = com.EVMarocUITests;
				PRODUCT_NAME = "$(TARGET_NAME)";
				STRING_CATALOG_GENERATE_SYMBOLS = NO;
				SWIFT_APPROACHABLE_CONCURRENCY = YES;
				SWIFT_EMIT_LOC_STRINGS = NO;
				SWIFT_UPCOMING_FEATURE_MEMBER_IMPORT_VISIBILITY = YES;
				SWIFT_VERSION = 5.0;
				TARGETED_DEVICE_FAMILY = "1,2";
				TEST_TARGET_NAME = EVMaroc;
			};
			name = Release;
		};
/* End XCBuildConfiguration section */

/* Begin XCConfigurationList section */
		C9D3F7E22F20F04E00525A6B /* Build configuration list for PBXProject "EVMaroc" */ = {
			isa = XCConfigurationList;
			buildConfigurations = (
				C9D3F8062F20F04F00525A6B /* Debug */,
				C9D3F8072F20F04F00525A6B /* Release */,
			);
			defaultConfigurationIsVisible = 0;
			defaultConfigurationName = Release;
		};
		C9D3F8082F20F04F00525A6B /* Build configuration list for PBXNativeTarget "EVMaroc" */ = {
			isa = XCConfigurationList;
			buildConfigurations = (
				C9D3F8092F20F04F00525A6B /* Debug */,
				C9D3F80A2F20F04F00525A6B /* Release */,
			);
			defaultConfigurationIsVisible = 0;
			defaultConfigurationName = Release;
		};
		C9D3F80B2F20F04F00525A6B /* Build configuration list for PBXNativeTarget "EVMarocTests" */ = {
			isa = XCConfigurationList;
			buildConfigurations = (
				C9D3F80C2F20F04F00525A6B /* Debug */,
				C9D3F80D2F20F04F00525A6B /* Release */,
			);
			defaultConfigurationIsVisible = 0;
			defaultConfigurationName = Release;
		};
		C9D3F80E2F20F04F00525A6B /* Build configuration list for PBXNativeTarget "EVMarocUITests" */ = {
			isa = XCConfigurationList;
			buildConfigurations = (
				C9D3F80F2F20F04F00525A6B /* Debug */,
				C9D3F8102F20F04F00525A6B /* Release */,
			);
			defaultConfigurationIsVisible = 0;
			defaultConfigurationName = Release;
		};
/* End XCConfigurationList section */
	};
	rootObject = C9D3F7DF2F20F04E00525A6B /* Project object */;
}
